{
  "lockfile-version": 1,
  "manifest": {
    "version": 1,
    "install": {
      "act": {
        "pkg-path": "act"
      },
      "flox-mcp-server": {
        "pkg-path": "flox/flox-mcp-server",
        "pkg-group": "flox-mcp-server",
        "systems": [
          "aarch64-linux",
          "x86_64-linux",
          "aarch64-darwin"
        ]
      },
      "ruby": {
        "pkg-path": "ruby"
      }
    },
    "hook": {},
    "profile": {},
    "options": {},
    "services": {
      "www": {
        "command": "bundle exec rails server"
      }
    }
  },
  "packages": [
    {
      "attr_path": "act",
      "broken": false,
      "derivation": "/nix/store/ccyl81slrphm32f6djd0kd6kqbn5zrps-act-0.2.84.drv",
      "description": "Run your GitHub Actions locally",
      "install_id": "act",
      "license": "MIT",
      "locked_url": "https://github.com/flox/nixpkgs?rev=88d3861acdd3d2f0e361767018218e51810df8a1",
      "name": "act-0.2.84",
      "pname": "act",
      "rev": "88d3861acdd3d2f0e361767018218e51810df8a1",
      "rev_count": 931542,
      "rev_date": "2026-01-21T18:02:10Z",
      "scrape_date": "2026-01-23T04:32:29.841890Z",
      "stabilities": [
        "staging",
        "unstable"
      ],
      "unfree": false,
      "version": "0.2.84",
      "outputs_to_install": [
        "out"
      ],
      "outputs": {
        "out": "/nix/store/a66igc76c2vzyl3q5z7c7kf7dr4b9is5-act-0.2.84"
      },
      "system": "aarch64-darwin",
      "group": "toplevel",
      "priority": 5
    },
    {
      "attr_path": "act",
      "broken": false,
      "derivation": "/nix/store/iihr3wvj2b5adbwvwv0dh11b0rn03vzk-act-0.2.84.drv",
      "description": "Run your GitHub Actions locally",
      "install_id": "act",
      "license": "MIT",
      "locked_url": "https://github.com/flox/nixpkgs?rev=88d3861acdd3d2f0e361767018218e51810df8a1",
      "name": "act-0.2.84",
      "pname": "act",
      "rev": "88d3861acdd3d2f0e361767018218e51810df8a1",
      "rev_count": 931542,
      "rev_date": "2026-01-21T18:02:10Z",
      "scrape_date": "2026-01-23T05:12:33.590614Z",
      "stabilities": [
        "staging",
        "unstable"
      ],
      "unfree": false,
      "version": "0.2.84",
      "outputs_to_install": [
        "out"
      ],
      "outputs": {
        "out": "/nix/store/wwrpc61p07x97b27ryhyks8zc9bq4j5c-act-0.2.84"
      },
      "system": "aarch64-linux",
      "group": "toplevel",
      "priority": 5
    },
    {
      "attr_path": "act",
      "broken": false,
      "derivation": "/nix/store/jihh2ph2y8idpf34s5mmv9k4p7kdza9p-act-0.2.84.drv",
      "description": "Run your GitHub Actions locally",
      "install_id": "act",
      "license": "MIT",
      "locked_url": "https://github.com/flox/nixpkgs?rev=88d3861acdd3d2f0e361767018218e51810df8a1",
      "name": "act-0.2.84",
      "pname": "act",
      "rev": "88d3861acdd3d2f0e361767018218e51810df8a1",
      "rev_count": 931542,
      "rev_date": "2026-01-21T18:02:10Z",
      "scrape_date": "2026-01-23T05:49:36.063515Z",
      "stabilities": [
        "staging",
        "unstable"
      ],
      "unfree": false,
      "version": "0.2.84",
      "outputs_to_install": [
        "out"
      ],
      "outputs": {
        "out": "/nix/store/v5fv7inyakck6m1f5q4xz78gfk7r1al7-act-0.2.84"
      },
      "system": "x86_64-darwin",
      "group": "toplevel",
      "priority": 5
    },
    {
      "attr_path": "act",
      "broken": false,
      "derivation": "/nix/store/yg9mcbj6lgsisnh6z9pqzfjsvaz0iiq8-act-0.2.84.drv",
      "description": "Run your GitHub Actions locally",
      "install_id": "act",
      "license": "MIT",
      "locked_url": "https://github.com/flox/nixpkgs?rev=88d3861acdd3d2f0e361767018218e51810df8a1",
      "name": "act-0.2.84",
      "pname": "act",
      "rev": "88d3861acdd3d2f0e361767018218e51810df8a1",
      "rev_count": 931542,
      "rev_date": "2026-01-21T18:02:10Z",
      "scrape_date": "2026-01-23T06:35:54.266619Z",
      "stabilities": [
        "staging",
        "unstable"
      ],
      "unfree": false,
      "version": "0.2.84",
      "outputs_to_install": [
        "out"
      ],
      "outputs": {
        "out": "/nix/store/vpqyxvqac1f8pwva5ffxidr98qbfhn20-act-0.2.84"
      },
      "system": "x86_64-linux",
      "group": "toplevel",
      "priority": 5
    },
    {
      "attr_path": "ruby",
      "broken": false,
      "derivation": "/nix/store/z0zx5p8ii2p5iflz5f5mcqg4213w4dz0-ruby-3.3.10.drv",
      "description": "Object-oriented language for quick and easy programming",
      "install_id": "ruby",
      "license": "Ruby",
      "locked_url": "https://github.com/flox/nixpkgs?rev=88d3861acdd3d2f0e361767018218e51810df8a1",
      "name": "ruby-3.3.10",
      "pname": "ruby",
      "rev": "88d3861acdd3d2f0e361767018218e51810df8a1",
      "rev_count": 931542,
      "rev_date": "2026-01-21T18:02:10Z",
      "scrape_date": "2026-01-23T04:33:51.853919Z",
      "stabilities": [
        "staging",
        "unstable"
      ],
      "unfree": false,
      "version": "3.3.10",
      "outputs_to_install": [
        "out"
      ],
      "outputs": {
        "devdoc": "/nix/store/mxw7r6rlbjda2jy02c1d8zn5x988hl0q-ruby-3.3.10-devdoc",
        "out": "/nix/store/23qvv82dzb51abc4invhxifshkq0p1w6-ruby-3.3.10"
      },
      "system": "aarch64-darwin",
      "group": "toplevel",
      "priority": 5
    },
    {
      "attr_path": "ruby",
      "broken": false,
      "derivation": "/nix/store/dykb50dnl2kg7i9s3ii1wv1xpmchhqhx-ruby-3.3.10.drv",
      "description": "Object-oriented language for quick and easy programming",
      "install_id": "ruby",
      "license": "Ruby",
      "locked_url": "https://github.com/flox/nixpkgs?rev=88d3861acdd3d2f0e361767018218e51810df8a1",
      "name": "ruby-3.3.10",
      "pname": "ruby",
      "rev": "88d3861acdd3d2f0e361767018218e51810df8a1",
      "rev_count": 931542,
      "rev_date": "2026-01-21T18:02:10Z",
      "scrape_date": "2026-01-23T05:14:25.260915Z",
      "stabilities": [
        "staging",
        "unstable"
      ],
      "unfree": false,
      "version": "3.3.10",
      "outputs_to_install": [
        "out"
      ],
      "outputs": {
        "devdoc": "/nix/store/qr65l1x0z8yjg7w9hk5axih1qsiaq8xy-ruby-3.3.10-devdoc",
        "out": "/nix/store/7dz41vvpqxllrl9nfxh7k32hw6zdna4n-ruby-3.3.10"
      },
      "system": "aarch64-linux",
      "group": "toplevel",
      "priority": 5
    },
    {
      "attr_path": "ruby",
      "broken": false,
      "derivation": "/nix/store/2bsgsmldy5206yz19yn9cr6qbkrkx7dl-ruby-3.3.10.drv",
      "description": "Object-oriented language for quick and easy programming",
      "install_id": "ruby",
      "license": "Ruby",
      "locked_url": "https://github.com/flox/nixpkgs?rev=88d3861acdd3d2f0e361767018218e51810df8a1",
      "name": "ruby-3.3.10",
      "pname": "ruby",
      "rev": "88d3861acdd3d2f0e361767018218e51810df8a1",
      "rev_count": 931542,
      "rev_date": "2026-01-21T18:02:10Z",
      "scrape_date": "2026-01-23T05:50:59.095812Z",
      "stabilities": [
        "staging",
        "unstable"
      ],
      "unfree": false,
      "version": "3.3.10",
      "outputs_to_install": [
        "out"
      ],
      "outputs": {
        "devdoc": "/nix/store/f8nga0kf6mn58sf4hq5vqrwcjq3i3qy1-ruby-3.3.10-devdoc",
        "out": "/nix/store/3nx913znd8q18i2yg8c0fw0h2afcx42h-ruby-3.3.10"
      },
      "system": "x86_64-darwin",
      "group": "toplevel",
      "priority": 5
    },
    {
      "attr_path": "ruby",
      "broken": false,
      "derivation": "/nix/store/id729g60yxxr7qsmsd86gb4z3hav25dw-ruby-3.3.10.drv",
      "description": "Object-oriented language for quick and easy programming",
      "install_id": "ruby",
      "license": "Ruby",
      "locked_url": "https://github.com/flox/nixpkgs?rev=88d3861acdd3d2f0e361767018218e51810df8a1",
      "name": "ruby-3.3.10",
      "pname": "ruby",
      "rev": "88d3861acdd3d2f0e361767018218e51810df8a1",
      "rev_count": 931542,
      "rev_date": "2026-01-21T18:02:10Z",
      "scrape_date": "2026-01-23T06:37:52.415151Z",
      "stabilities": [
        "staging",
        "unstable"
      ],
      "unfree": false,
      "version": "3.3.10",
      "outputs_to_install": [
        "out"
      ],
      "outputs": {
        "devdoc": "/nix/store/a3r95mzlyd20gkqak8ik60kr8larqxp9-ruby-3.3.10-devdoc",
        "out": "/nix/store/x5y7r23d2j2g0rq7dqfvka9zqc3qfhz8-ruby-3.3.10"
      },
      "system": "x86_64-linux",
      "group": "toplevel",
      "priority": 5
    },
    {
      "attr_path": "flox-mcp-server",
      "broken": false,
      "derivation": "/nix/store/7my3rgi90s1haw3fz762lrdyy73dx8h3-flox-mcp-server-0.2.0.drv",
      "description": "MCP server for Flox package manager",
      "install_id": "flox-mcp-server",
      "license": "MIT",
      "locked_url": "https://github.com/flox/mcp-server?rev=86a2d182f1f3bbf6e69a9b73e7936746e4825ebd",
      "name": "flox-mcp-server-0.2.0",
      "pname": "flox-mcp-server",
      "rev": "86a2d182f1f3bbf6e69a9b73e7936746e4825ebd",
      "rev_count": 28,
      "rev_date": "2025-11-25T20:47:48Z",
      "scrape_date": "2026-01-27T05:26:50.985052Z",
      "stabilities": [
        "unstable"
      ],
      "unfree": false,
      "version": "0.2.0",
      "outputs_to_install": [
        "out"
      ],
      "outputs": {
        "dist": "/nix/store/ci0csf2snc7h5g1qm03mw8ggq64img1m-flox-mcp-server-0.2.0-dist",
        "out": "/nix/store/dypvq42niihlv88bhdvznn6cy6l0y9gc-flox-mcp-server-0.2.0"
      },
      "system": "aarch64-darwin",
      "group": "flox-mcp-server",
      "priority": 5
    },
    {
      "attr_path": "flox-mcp-server",
      "broken": false,
      "derivation": "/nix/store/8im6dgscbg7hghm2anwi2la5az19p576-flox-mcp-server-0.2.0.drv",
      "description": "MCP server for Flox package manager",
      "install_id": "flox-mcp-server",
      "license": "MIT",
      "locked_url": "https://github.com/flox/mcp-server?rev=86a2d182f1f3bbf6e69a9b73e7936746e4825ebd",
      "name": "flox-mcp-server-0.2.0",
      "pname": "flox-mcp-server",
      "rev": "86a2d182f1f3bbf6e69a9b73e7936746e4825ebd",
      "rev_count": 28,
      "rev_date": "2025-11-25T20:47:48Z",
      "scrape_date": "2026-01-27T05:26:50.985056Z",
      "stabilities": [
        "unstable"
      ],
      "unfree": false,
      "version": "0.2.0",
      "outputs_to_install": [
        "out"
      ],
      "outputs": {
        "dist": "/nix/store/cnsh7kmb5bivk2qps25460kyblzh1pp8-flox-mcp-server-0.2.0-dist",
        "out": "/nix/store/x8dy1d9fzb9kzm6b2lrbij45g10p6r5v-flox-mcp-server-0.2.0"
      },
      "system": "aarch64-linux",
      "group": "flox-mcp-server",
      "priority": 5
    },
    {
      "attr_path": "flox-mcp-server",
      "broken": false,
      "derivation": "/nix/store/kc27v6whcgmfw54fx31j561xfd4l632f-flox-mcp-server-0.2.0.drv",
      "description": "MCP server for Flox package manager",
      "install_id": "flox-mcp-server",
      "license": "MIT",
      "locked_url": "https://github.com/flox/mcp-server?rev=86a2d182f1f3bbf6e69a9b73e7936746e4825ebd",
      "name": "flox-mcp-server-0.2.0",
      "pname": "flox-mcp-server",
      "rev": "86a2d182f1f3bbf6e69a9b73e7936746e4825ebd",
      "rev_count": 28,
      "rev_date": "2025-11-25T20:47:48Z",
      "scrape_date": "2026-01-27T05:26:50.985059Z",
      "stabilities": [
        "unstable"
      ],
      "unfree": false,
      "version": "0.2.0",
      "outputs_to_install": [
        "out"
      ],
      "outputs": {
        "dist": "/nix/store/zh9gjf26d589k2fvzn0n08d3p0h8ipbz-flox-mcp-server-0.2.0-dist",
        "out": "/nix/store/zf8m76x02gga11x1bkmvg5pb65nvayvc-flox-mcp-server-0.2.0"
      },
      "system": "x86_64-linux",
      "group": "flox-mcp-server",
      "priority": 5
    }
  ]
}
